
Microsoft Visual Studio Solution File, Format Version 12.00
Project("{FAE04EC0-301F-11D3-BF4B-00C04F79EFBC}") = "Grid", "Grid\Grid.csproj", "{BB10746B-9283-4F16-8F96-F26F858CC38A}"
EndProject
Project("{FAE04EC0-301F-11D3-BF4B-00C04F79EFBC}") = "GridSize", "GridSize\GridSize.csproj", "{21B16022-951F-4DFD-9D16-9E2C5E7FAAB3}"
EndProject
Project("{FAE04EC0-301F-11D3-BF4B-00C04F79EFBC}") = "StackPanel", "StackPanel\StackPanel.csproj", "{C823D33E-82C7-409A-B8B4-A855CD481AD0}"
EndProject
Project("{FAE04EC0-301F-11D3-BF4B-00C04F79EFBC}") = "DockPanel", "DockPanel\DockPanel.csproj", "{A9EAD12E-1C2F-409E-823B-19B7B0EB71CF}"
EndProject
Project("{FAE04EC0-301F-11D3-BF4B-00C04F79EFBC}") = "WrapPanel", "WrapPanel\WrapPanel.csproj", "{7C701095-C871-4053-A1A9-67C3EBBAB805}"
EndProject
Project("{FAE04EC0-301F-11D3-BF4B-00C04F79EFBC}") = "UniformGrid", "UniformGrid\UniformGrid.csproj", "{F3810417-0039-40C7-B78E-00713A3CC20D}"
EndProject
Project("{FAE04EC0-301F-11D3-BF4B-00C04F79EFBC}") = "Canvas", "Canvas\Canvas.csproj", "{A15CA018-2C19-45DB-985D-BDA8176EC4E7}"
EndProject
Project("{FAE04EC0-301F-11D3-BF4B-00C04F79EFBC}") = "InkCanvas", "InkCanvas\InkCanvas.csproj", "{797CB47E-B4E8-49DC-A80A-6ABB8C121D08}"
EndProject
Project("{FAE04EC0-301F-11D3-BF4B-00C04F79EFBC}") = "GridSplitter", "GridSplitter\GridSplitter.csproj", "{75F8BB5F-BE5F-4638-BDBA-E38E9B5B8629}"
EndProject
Project("{FAE04EC0-301F-11D3-BF4B-00C04F79EFBC}") = "Variant_1", "Variant_1\Variant_1.csproj", "{22E24063-7393-4F45-B1C8-F3DA6CBB982A}"
EndProject
Project("{FAE04EC0-301F-11D3-BF4B-00C04F79EFBC}") = "Variant_2", "Variant_2\Variant_2.csproj", "{5C86D2C8-C00E-4BC9-9E6B-1774A53C0C96}"
EndProject
Global
	GlobalSection(SolutionConfigurationPlatforms) = preSolution
		Debug|Any CPU = Debug|Any CPU
		Release|Any CPU = Release|Any CPU
	EndGlobalSection
	GlobalSection(ProjectConfigurationPlatforms) = postSolution
		{BB10746B-9283-4F16-8F96-F26F858CC38A}.Debug|Any CPU.ActiveCfg = Debug|Any CPU
		{BB10746B-9283-4F16-8F96-F26F858CC38A}.Debug|Any CPU.Build.0 = Debug|Any CPU
		{BB10746B-9283-4F16-8F96-F26F858CC38A}.Release|Any CPU.ActiveCfg = Release|Any CPU
		{BB10746B-9283-4F16-8F96-F26F858CC38A}.Release|Any CPU.Build.0 = Release|Any CPU
		{21B16022-951F-4DFD-9D16-9E2C5E7FAAB3}.Debug|Any CPU.ActiveCfg = Debug|Any CPU
		{21B16022-951F-4DFD-9D16-9E2C5E7FAAB3}.Debug|Any CPU.Build.0 = Debug|Any CPU
		{21B16022-951F-4DFD-9D16-9E2C5E7FAAB3}.Release|Any CPU.ActiveCfg = Release|Any CPU
		{21B16022-951F-4DFD-9D16-9E2C5E7FAAB3}.Release|Any CPU.Build.0 = Release|Any CPU
		{C823D33E-82C7-409A-B8B4-A855CD481AD0}.Debug|Any CPU.ActiveCfg = Debug|Any CPU
		{C823D33E-82C7-409A-B8B4-A855CD481AD0}.Debug|Any CPU.Build.0 = Debug|Any CPU
		{C823D33E-82C7-409A-B8B4-A855CD481AD0}.Release|Any CPU.ActiveCfg = Release|Any CPU
		{C823D33E-82C7-409A-B8B4-A855CD481AD0}.Release|Any CPU.Build.0 = Release|Any CPU
		{A9EAD12E-1C2F-409E-823B-19B7B0EB71CF}.Debug|Any CPU.ActiveCfg = Debug|Any CPU
		{A9EAD12E-1C2F-409E-823B-19B7B0EB71CF}.Debug|Any CPU.Build.0 = Debug|Any CPU
		{A9EAD12E-1C2F-409E-823B-19B7B0EB71CF}.Release|Any CPU.ActiveCfg = Release|Any CPU
		{A9EAD12E-1C2F-409E-823B-19B7B0EB71CF}.Release|Any CPU.Build.0 = Release|Any CPU
		{7C701095-C871-4053-A1A9-67C3EBBAB805}.Debug|Any CPU.ActiveCfg = Debug|Any CPU
		{7C701095-C871-4053-A1A9-67C3EBBAB805}.Debug|Any CPU.Build.0 = Debug|Any CPU
		{7C701095-C871-4053-A1A9-67C3EBBAB805}.Release|Any CPU.ActiveCfg = Release|Any CPU
		{7C701095-C871-4053-A1A9-67C3EBBAB805}.Release|Any CPU.Build.0 = Release|Any CPU
		{F3810417-0039-40C7-B78E-00713A3CC20D}.Debug|Any CPU.ActiveCfg = Debug|Any CPU
		{F3810417-0039-40C7-B78E-00713A3CC20D}.Debug|Any CPU.Build.0 = Debug|Any CPU
		{F3810417-0039-40C7-B78E-00713A3CC20D}.Release|Any CPU.ActiveCfg = Release|Any CPU
		{F3810417-0039-40C7-B78E-00713A3CC20D}.Release|Any CPU.Build.0 = Release|Any CPU
		{A15CA018-2C19-45DB-985D-BDA8176EC4E7}.Debug|Any CPU.ActiveCfg = Debug|Any CPU
		{A15CA018-2C19-45DB-985D-BDA8176EC4E7}.Debug|Any CPU.Build.0 = Debug|Any CPU
		{A15CA018-2C19-45DB-985D-BDA8176EC4E7}.Release|Any CPU.ActiveCfg = Release|Any CPU
		{A15CA018-2C19-45DB-985D-BDA8176EC4E7}.Release|Any CPU.Build.0 = Release|Any CPU
		{797CB47E-B4E8-49DC-A80A-6ABB8C121D08}.Debug|Any CPU.ActiveCfg = Debug|Any CPU
		{797CB47E-B4E8-49DC-A80A-6ABB8C121D08}.Debug|Any CPU.Build.0 = Debug|Any CPU
		{797CB47E-B4E8-49DC-A80A-6ABB8C121D08}.Release|Any CPU.ActiveCfg = Release|Any CPU
		{797CB47E-B4E8-49DC-A80A-6ABB8C121D08}.Release|Any CPU.Build.0 = Release|Any CPU
		{75F8BB5F-BE5F-4638-BDBA-E38E9B5B8629}.Debug|Any CPU.ActiveCfg = Debug|Any CPU
		{75F8BB5F-BE5F-4638-BDBA-E38E9B5B8629}.Debug|Any CPU.Build.0 = Debug|Any CPU
		{75F8BB5F-BE5F-4638-BDBA-E38E9B5B8629}.Release|Any CPU.ActiveCfg = Release|Any CPU
		{75F8BB5F-BE5F-4638-BDBA-E38E9B5B8629}.Release|Any CPU.Build.0 = Release|Any CPU
		{22E24063-7393-4F45-B1C8-F3DA6CBB982A}.Debug|Any CPU.ActiveCfg = Debug|Any CPU
		{22E24063-7393-4F45-B1C8-F3DA6CBB982A}.Debug|Any CPU.Build.0 = Debug|Any CPU
		{22E24063-7393-4F45-B1C8-F3DA6CBB982A}.Release|Any CPU.ActiveCfg = Release|Any CPU
		{22E24063-7393-4F45-B1C8-F3DA6CBB982A}.Release|Any CPU.Build.0 = Release|Any CPU
		{5C86D2C8-C00E-4BC9-9E6B-1774A53C0C96}.Debug|Any CPU.ActiveCfg = Debug|Any CPU
		{5C86D2C8-C00E-4BC9-9E6B-1774A53C0C96}.Debug|Any CPU.Build.0 = Debug|Any CPU
		{5C86D2C8-C00E-4BC9-9E6B-1774A53C0C96}.Release|Any CPU.ActiveCfg = Release|Any CPU
		{5C86D2C8-C00E-4BC9-9E6B-1774A53C0C96}.Release|Any CPU.Build.0 = Release|Any CPU
	EndGlobalSection
EndGlobal
